
Microsoft Visual Studio Solution File, Format Version 12.00
# Visual Studio Version 16
VisualStudioVersion = 16.0.34407.143
MinimumVisualStudioVersion = 10.0.40219.1
Project("{FAE04EC0-301F-11D3-BF4B-00C04F79EFBC}") = "Portfolio", "Portfolio\Portfolio.csproj", "{FAF20D3F-2772-4704-A96E-DE88EADA0EFF}"
EndProject
Global
	GlobalSection(SolutionConfigurationPlatforms) = preSolution
		Debug|Any CPU = Debug|Any CPU
		Release|Any CPU = Release|Any CPU
	EndGlobalSection
	GlobalSection(ProjectConfigurationPlatforms) = postSolution
		{FAF20D3F-2772-4704-A96E-DE88EADA0EFF}.Debug|Any CPU.ActiveCfg = Debug|Any CPU
		{FAF20D3F-2772-4704-A96E-DE88EADA0EFF}.Debug|Any CPU.Build.0 = Debug|Any CPU
		{FAF20D3F-2772-4704-A96E-DE88EADA0EFF}.Release|Any CPU.ActiveCfg = Release|Any CPU
		{FAF20D3F-2772-4704-A96E-DE88EADA0EFF}.Release|Any CPU.Build.0 = Release|Any CPU
	EndGlobalSection
	GlobalSection(SolutionProperties) = preSolution
		HideSolutionNode = FALSE
	EndGlobalSection
	GlobalSection(ExtensibilityGlobals) = postSolution
		SolutionGuid = {5B0E03D5-3656-49C9-8723-9F95BB63666F}
	EndGlobalSection
EndGlobal
